
Microsoft Visual Studio Solution File, Format Version 12.00
# Visual Studio Version 17
VisualStudioVersion = 17.0.31903.59
MinimumVisualStudioVersion = 10.0.40219.1
Project("{FAE04EC0-301F-11D3-BF4B-00C04F79EFBC}") = "ConsoleApp1", "ConsoleApp1\ConsoleApp1.csproj", "{0F84579F-79D0-44DA-B3E9-DA3C88EFB1E7}"
EndProject
Project("{FAE04EC0-301F-11D3-BF4B-00C04F79EFBC}") = "ConsoleApp2", "ConsoleApp2\ConsoleApp2.csproj", "{B3EA7B54-3B05-4242-BFDB-9E7D17FB0A56}"
EndProject
Project("{FAE04EC0-301F-11D3-BF4B-00C04F79EFBC}") = "FooBarExercise", "FooBarExercise\FooBarExercise.csproj", "{B8649B23-E198-4D56-BFFF-5ED760638F54}"
EndProject
Project("{FAE04EC0-301F-11D3-BF4B-00C04F79EFBC}") = "QueueExercise", "QueueExercise\QueueExercise.csproj", "{61AC9D6E-5E83-48E3-B8C2-48C0D76973DF}"
EndProject
Project("{FAE04EC0-301F-11D3-BF4B-00C04F79EFBC}") = "StackExercise", "StackExercise\StackExercise.csproj", "{0DFA4A87-4765-4DD1-9CA4-30C93DF52FED}"
EndProject
Project("{FAE04EC0-301F-11D3-BF4B-00C04F79EFBC}") = "LinkedListExercise", "LinkedListExercise\LinkedListExercise.csproj", "{84796F63-3EAC-4EB9-8837-911BABE1D970}"
EndProject
Project("{FAE04EC0-301F-11D3-BF4B-00C04F79EFBC}") = "ClassExercise", "ClassExercise\ClassExercise.csproj", "{4C7FCE4A-2DE3-41BF-94AB-CB063B4A5DCB}"
EndProject
Project("{FAE04EC0-301F-11D3-BF4B-00C04F79EFBC}") = "CircularQueueExercise", "CircularQueueExercise\CircularQueueExercise.csproj", "{14B44F60-0B14-4F01-A8D9-EB7177B11841}"
EndProject
Project("{FAE04EC0-301F-11D3-BF4B-00C04F79EFBC}") = "DelegateExercise", "DelegateExercise\DelegateExercise.csproj", "{E650F02C-CE20-456E-904F-91D197107A6E}"
EndProject
Project("{FAE04EC0-301F-11D3-BF4B-00C04F79EFBC}") = "MulticastExercise", "MulticastExercise\MulticastExercise.csproj", "{6D0D84D2-F959-47F5-BA95-3697053A88F5}"
EndProject
Project("{FAE04EC0-301F-11D3-BF4B-00C04F79EFBC}") = "DelegateCompatibility", "DelegateCompatibility\DelegateCompatibility.csproj", "{9D3945F0-C21E-405F-9857-FAAD7AD08E40}"
EndProject
Project("{FAE04EC0-301F-11D3-BF4B-00C04F79EFBC}") = "EventExercise", "EventExercise\EventExercise.csproj", "{F30497D1-675F-4815-BBD0-1B121AA235F1}"
EndProject
Project("{FAE04EC0-301F-11D3-BF4B-00C04F79EFBC}") = "TryCatchExceptions", "TryCatchExceptions\TryCatchExceptions.csproj", "{AD7C89E5-56D8-4021-A843-E8C7132C24E7}"
EndProject
Project("{FAE04EC0-301F-11D3-BF4B-00C04F79EFBC}") = "OperatorOverloading", "OperatorOverloading\OperatorOverloading.csproj", "{0E107721-6FB4-4316-AA69-5707F75B5552}"
EndProject
Project("{FAE04EC0-301F-11D3-BF4B-00C04F79EFBC}") = "IteratorExercise", "IteratorExercise\IteratorExercise.csproj", "{BF76DAD8-AA9F-4A18-9688-88EF3F5FEAB0}"
EndProject
Global
	GlobalSection(SolutionConfigurationPlatforms) = preSolution
		Debug|Any CPU = Debug|Any CPU
		Release|Any CPU = Release|Any CPU
	EndGlobalSection
	GlobalSection(SolutionProperties) = preSolution
		HideSolutionNode = FALSE
	EndGlobalSection
	GlobalSection(ProjectConfigurationPlatforms) = postSolution
		{0F84579F-79D0-44DA-B3E9-DA3C88EFB1E7}.Debug|Any CPU.ActiveCfg = Debug|Any CPU
		{0F84579F-79D0-44DA-B3E9-DA3C88EFB1E7}.Debug|Any CPU.Build.0 = Debug|Any CPU
		{0F84579F-79D0-44DA-B3E9-DA3C88EFB1E7}.Release|Any CPU.ActiveCfg = Release|Any CPU
		{0F84579F-79D0-44DA-B3E9-DA3C88EFB1E7}.Release|Any CPU.Build.0 = Release|Any CPU
		{B3EA7B54-3B05-4242-BFDB-9E7D17FB0A56}.Debug|Any CPU.ActiveCfg = Debug|Any CPU
		{B3EA7B54-3B05-4242-BFDB-9E7D17FB0A56}.Debug|Any CPU.Build.0 = Debug|Any CPU
		{B3EA7B54-3B05-4242-BFDB-9E7D17FB0A56}.Release|Any CPU.ActiveCfg = Release|Any CPU
		{B3EA7B54-3B05-4242-BFDB-9E7D17FB0A56}.Release|Any CPU.Build.0 = Release|Any CPU
		{B8649B23-E198-4D56-BFFF-5ED760638F54}.Debug|Any CPU.ActiveCfg = Debug|Any CPU
		{B8649B23-E198-4D56-BFFF-5ED760638F54}.Debug|Any CPU.Build.0 = Debug|Any CPU
		{B8649B23-E198-4D56-BFFF-5ED760638F54}.Release|Any CPU.ActiveCfg = Release|Any CPU
		{B8649B23-E198-4D56-BFFF-5ED760638F54}.Release|Any CPU.Build.0 = Release|Any CPU
		{61AC9D6E-5E83-48E3-B8C2-48C0D76973DF}.Debug|Any CPU.ActiveCfg = Debug|Any CPU
		{61AC9D6E-5E83-48E3-B8C2-48C0D76973DF}.Debug|Any CPU.Build.0 = Debug|Any CPU
		{61AC9D6E-5E83-48E3-B8C2-48C0D76973DF}.Release|Any CPU.ActiveCfg = Release|Any CPU
		{61AC9D6E-5E83-48E3-B8C2-48C0D76973DF}.Release|Any CPU.Build.0 = Release|Any CPU
		{0DFA4A87-4765-4DD1-9CA4-30C93DF52FED}.Debug|Any CPU.ActiveCfg = Debug|Any CPU
		{0DFA4A87-4765-4DD1-9CA4-30C93DF52FED}.Debug|Any CPU.Build.0 = Debug|Any CPU
		{0DFA4A87-4765-4DD1-9CA4-30C93DF52FED}.Release|Any CPU.ActiveCfg = Release|Any CPU
		{0DFA4A87-4765-4DD1-9CA4-30C93DF52FED}.Release|Any CPU.Build.0 = Release|Any CPU
		{84796F63-3EAC-4EB9-8837-911BABE1D970}.Debug|Any CPU.ActiveCfg = Debug|Any CPU
		{84796F63-3EAC-4EB9-8837-911BABE1D970}.Debug|Any CPU.Build.0 = Debug|Any CPU
		{84796F63-3EAC-4EB9-8837-911BABE1D970}.Release|Any CPU.ActiveCfg = Release|Any CPU
		{84796F63-3EAC-4EB9-8837-911BABE1D970}.Release|Any CPU.Build.0 = Release|Any CPU
		{4C7FCE4A-2DE3-41BF-94AB-CB063B4A5DCB}.Debug|Any CPU.ActiveCfg = Debug|Any CPU
		{4C7FCE4A-2DE3-41BF-94AB-CB063B4A5DCB}.Debug|Any CPU.Build.0 = Debug|Any CPU
		{4C7FCE4A-2DE3-41BF-94AB-CB063B4A5DCB}.Release|Any CPU.ActiveCfg = Release|Any CPU
		{4C7FCE4A-2DE3-41BF-94AB-CB063B4A5DCB}.Release|Any CPU.Build.0 = Release|Any CPU
		{14B44F60-0B14-4F01-A8D9-EB7177B11841}.Debug|Any CPU.ActiveCfg = Debug|Any CPU
		{14B44F60-0B14-4F01-A8D9-EB7177B11841}.Debug|Any CPU.Build.0 = Debug|Any CPU
		{14B44F60-0B14-4F01-A8D9-EB7177B11841}.Release|Any CPU.ActiveCfg = Release|Any CPU
		{14B44F60-0B14-4F01-A8D9-EB7177B11841}.Release|Any CPU.Build.0 = Release|Any CPU
		{E650F02C-CE20-456E-904F-91D197107A6E}.Debug|Any CPU.ActiveCfg = Debug|Any CPU
		{E650F02C-CE20-456E-904F-91D197107A6E}.Debug|Any CPU.Build.0 = Debug|Any CPU
		{E650F02C-CE20-456E-904F-91D197107A6E}.Release|Any CPU.ActiveCfg = Release|Any CPU
		{E650F02C-CE20-456E-904F-91D197107A6E}.Release|Any CPU.Build.0 = Release|Any CPU
		{6D0D84D2-F959-47F5-BA95-3697053A88F5}.Debug|Any CPU.ActiveCfg = Debug|Any CPU
		{6D0D84D2-F959-47F5-BA95-3697053A88F5}.Debug|Any CPU.Build.0 = Debug|Any CPU
		{6D0D84D2-F959-47F5-BA95-3697053A88F5}.Release|Any CPU.ActiveCfg = Release|Any CPU
		{6D0D84D2-F959-47F5-BA95-3697053A88F5}.Release|Any CPU.Build.0 = Release|Any CPU
		{9D3945F0-C21E-405F-9857-FAAD7AD08E40}.Debug|Any CPU.ActiveCfg = Debug|Any CPU
		{9D3945F0-C21E-405F-9857-FAAD7AD08E40}.Debug|Any CPU.Build.0 = Debug|Any CPU
		{9D3945F0-C21E-405F-9857-FAAD7AD08E40}.Release|Any CPU.ActiveCfg = Release|Any CPU
		{9D3945F0-C21E-405F-9857-FAAD7AD08E40}.Release|Any CPU.Build.0 = Release|Any CPU
		{F30497D1-675F-4815-BBD0-1B121AA235F1}.Debug|Any CPU.ActiveCfg = Debug|Any CPU
		{F30497D1-675F-4815-BBD0-1B121AA235F1}.Debug|Any CPU.Build.0 = Debug|Any CPU
		{F30497D1-675F-4815-BBD0-1B121AA235F1}.Release|Any CPU.ActiveCfg = Release|Any CPU
		{F30497D1-675F-4815-BBD0-1B121AA235F1}.Release|Any CPU.Build.0 = Release|Any CPU
		{AD7C89E5-56D8-4021-A843-E8C7132C24E7}.Debug|Any CPU.ActiveCfg = Debug|Any CPU
		{AD7C89E5-56D8-4021-A843-E8C7132C24E7}.Debug|Any CPU.Build.0 = Debug|Any CPU
		{AD7C89E5-56D8-4021-A843-E8C7132C24E7}.Release|Any CPU.ActiveCfg = Release|Any CPU
		{AD7C89E5-56D8-4021-A843-E8C7132C24E7}.Release|Any CPU.Build.0 = Release|Any CPU
		{0E107721-6FB4-4316-AA69-5707F75B5552}.Debug|Any CPU.ActiveCfg = Debug|Any CPU
		{0E107721-6FB4-4316-AA69-5707F75B5552}.Debug|Any CPU.Build.0 = Debug|Any CPU
		{0E107721-6FB4-4316-AA69-5707F75B5552}.Release|Any CPU.ActiveCfg = Release|Any CPU
		{0E107721-6FB4-4316-AA69-5707F75B5552}.Release|Any CPU.Build.0 = Release|Any CPU
		{BF76DAD8-AA9F-4A18-9688-88EF3F5FEAB0}.Debug|Any CPU.ActiveCfg = Debug|Any CPU
		{BF76DAD8-AA9F-4A18-9688-88EF3F5FEAB0}.Debug|Any CPU.Build.0 = Debug|Any CPU
		{BF76DAD8-AA9F-4A18-9688-88EF3F5FEAB0}.Release|Any CPU.ActiveCfg = Release|Any CPU
		{BF76DAD8-AA9F-4A18-9688-88EF3F5FEAB0}.Release|Any CPU.Build.0 = Release|Any CPU
	EndGlobalSection
EndGlobal
